// !$*UTF8*$!
{
	archiveVersion = 1;
	classes = {
	};
	objectVersion = 55;
	objects = {

/* Begin PBXBuildFile section */
		8BFE2BDD27A4034800056E24 /* AppDelegate.swift in Sources */ = {isa = PBXBuildFile; fileRef = 8BFE2BDC27A4034800056E24 /* AppDelegate.swift */; };
		8BFE2BDF27A4034800056E24 /* SceneDelegate.swift in Sources */ = {isa = PBXBuildFile; fileRef = 8BFE2BDE27A4034800056E24 /* SceneDelegate.swift */; };
		8BFE2BE127A4034800056E24 /* ViewController.swift in Sources */ = {isa = PBXBuildFile; fileRef = 8BFE2BE027A4034800056E24 /* ViewController.swift */; };
		8BFE2BE427A4034800056E24 /* Main.storyboard in Resources */ = {isa = PBXBuildFile; fileRef = 8BFE2BE227A4034800056E24 /* Main.storyboard */; };
		8BFE2BE627A4034D00056E24 /* Assets.xcassets in Resources */ = {isa = PBXBuildFile; fileRef = 8BFE2BE527A4034D00056E24 /* Assets.xcassets */; };
		8BFE2BE927A4034D00056E24 /* LaunchScreen.storyboard in Resources */ = {isa = PBXBuildFile; fileRef = 8BFE2BE727A4034D00056E24 /* LaunchScreen.storyboard */; };
		8BFE2BF427A4034E00056E24 /* goodwall_coding_challenge_2022Tests.swift in Sources */ = {isa = PBXBuildFile; fileRef = 8BFE2BF327A4034E00056E24 /* goodwall_coding_challenge_2022Tests.swift */; };
		8BFE2BFE27A4034E00056E24 /* goodwall_coding_challenge_2022UITests.swift in Sources */ = {isa = PBXBuildFile; fileRef = 8BFE2BFD27A4034E00056E24 /* goodwall_coding_challenge_2022UITests.swift */; };
		8BFE2C0027A4034E00056E24 /* goodwall_coding_challenge_2022UITestsLaunchTests.swift in Sources */ = {isa = PBXBuildFile; fileRef = 8BFE2BFF27A4034E00056E24 /* goodwall_coding_challenge_2022UITestsLaunchTests.swift */; };
/* End PBXBuildFile section */

/* Begin PBXContainerItemProxy section */
		8BFE2BF027A4034D00056E24 /* PBXContainerItemProxy */ = {
			isa = PBXContainerItemProxy;
			containerPortal = 8BFE2BD127A4034800056E24 /* Project object */;
			proxyType = 1;
			remoteGlobalIDString = 8BFE2BD827A4034800056E24;
			remoteInfo = goodwall_coding_challenge_2022;
		};
		8BFE2BFA27A4034E00056E24 /* PBXContainerItemProxy */ = {
			isa = PBXContainerItemProxy;
			containerPortal = 8BFE2BD127A4034800056E24 /* Project object */;
			proxyType = 1;
			remoteGlobalIDString = 8BFE2BD827A4034800056E24;
			remoteInfo = goodwall_coding_challenge_2022;
		};
/* End PBXContainerItemProxy section */

/* Begin PBXFileReference section */
		8BFE2BD927A4034800056E24 /* goodwall_coding_challenge_2022.app */ = {isa = PBXFileReference; explicitFileType = wrapper.application; includeInIndex = 0; path = goodwall_coding_challenge_2022.app; sourceTree = BUILT_PRODUCTS_DIR; };
		8BFE2BDC27A4034800056E24 /* AppDelegate.swift */ = {isa = PBXFileReference; lastKnownFileType = sourcecode.swift; path = AppDelegate.swift; sourceTree = "<group>"; };
		8BFE2BDE27A4034800056E24 /* SceneDelegate.swift */ = {isa = PBXFileReference; lastKnownFileType = sourcecode.swift; path = SceneDelegate.swift; sourceTree = "<group>"; };
		8BFE2BE027A4034800056E24 /* ViewController.swift */ = {isa = PBXFileReference; lastKnownFileType = sourcecode.swift; path = ViewController.swift; sourceTree = "<group>"; };
		8BFE2BE327A4034800056E24 /* Base */ = {isa = PBXFileReference; lastKnownFileType = file.storyboard; name = Base; path = Base.lproj/Main.storyboard; sourceTree = "<group>"; };
		8BFE2BE527A4034D00056E24 /* Assets.xcassets */ = {isa = PBXFileReference; lastKnownFileType = folder.assetcatalog; path = Assets.xcassets; sourceTree = "<group>"; };
		8BFE2BE827A4034D00056E24 /* Base */ = {isa = PBXFileReference; lastKnownFileType = file.storyboard; name = Base; path = Base.lproj/LaunchScreen.storyboard; sourceTree = "<group>"; };
		8BFE2BEA27A4034D00056E24 /* Info.plist */ = {isa = PBXFileReference; lastKnownFileType = text.plist.xml; path = Info.plist; sourceTree = "<group>"; };
		8BFE2BEF27A4034D00056E24 /* goodwall_coding_challenge_2022Tests.xctest */ = {isa = PBXFileReference; explicitFileType = wrapper.cfbundle; includeInIndex = 0; path = goodwall_coding_challenge_2022Tests.xctest; sourceTree = BUILT_PRODUCTS_DIR; };
		8BFE2BF327A4034E00056E24 /* goodwall_coding_challenge_2022Tests.swift */ = {isa = PBXFileReference; lastKnownFileType = sourcecode.swift; path = goodwall_coding_challenge_2022Tests.swift; sourceTree = "<group>"; };
		8BFE2BF927A4034E00056E24 /* goodwall_coding_challenge_2022UITests.xctest */ = {isa = PBXFileReference; explicitFileType = wrapper.cfbundle; includeInIndex = 0; path = goodwall_coding_challenge_2022UITests.xctest; sourceTree = BUILT_PRODUCTS_DIR; };
		8BFE2BFD27A4034E00056E24 /* goodwall_coding_challenge_2022UITests.swift */ = {isa = PBXFileReference; lastKnownFileType = sourcecode.swift; path = goodwall_coding_challenge_2022UITests.swift; sourceTree = "<group>"; };
		8BFE2BFF27A4034E00056E24 /* goodwall_coding_challenge_2022UITestsLaunchTests.swift */ = {isa = PBXFileReference; lastKnownFileType = sourcecode.swift; path = goodwall_coding_challenge_2022UITestsLaunchTests.swift; sourceTree = "<group>"; };
/* End PBXFileReference section */

/* Begin PBXFrameworksBuildPhase section */
		8BFE2BD627A4034800056E24 /* Frameworks */ = {
			isa = PBXFrameworksBuildPhase;
			buildActionMask = 2147483647;
			files = (
			);
			runOnlyForDeploymentPostprocessing = 0;
		};
		8BFE2BEC27A4034D00056E24 /* Frameworks */ = {
			isa = PBXFrameworksBuildPhase;
			buildActionMask = 2147483647;
			files = (
			);
			runOnlyForDeploymentPostprocessing = 0;
		};
		8BFE2BF627A4034E00056E24 /* Frameworks */ = {
			isa = PBXFrameworksBuildPhase;
			buildActionMask = 2147483647;
			files = (
			);
			runOnlyForDeploymentPostprocessing = 0;
		};
/* End PBXFrameworksBuildPhase section */

/* Begin PBXGroup section */
		8BFE2BD027A4034800056E24 = {
			isa = PBXGroup;
			children = (
				8BFE2BDB27A4034800056E24 /* goodwall_coding_challenge_2022 */,
				8BFE2BF227A4034E00056E24 /* goodwall_coding_challenge_2022Tests */,
				8BFE2BFC27A4034E00056E24 /* goodwall_coding_challenge_2022UITests */,
				8BFE2BDA27A4034800056E24 /* Products */,
			);
			sourceTree = "<group>";
		};
		8BFE2BDA27A4034800056E24 /* Products */ = {
			isa = PBXGroup;
			children = (
				8BFE2BD927A4034800056E24 /* goodwall_coding_challenge_2022.app */,
				8BFE2BEF27A4034D00056E24 /* goodwall_coding_challenge_2022Tests.xctest */,
				8BFE2BF927A4034E00056E24 /* goodwall_coding_challenge_2022UITests.xctest */,
			);
			name = Products;
			sourceTree = "<group>";
		};
		8BFE2BDB27A4034800056E24 /* goodwall_coding_challenge_2022 */ = {
			isa = PBXGroup;
			children = (
				8BFE2BDC27A4034800056E24 /* AppDelegate.swift */,
				8BFE2BDE27A4034800056E24 /* SceneDelegate.swift */,
				8BFE2BE027A4034800056E24 /* ViewController.swift */,
				8BFE2BE227A4034800056E24 /* Main.storyboard */,
				8BFE2BE527A4034D00056E24 /* Assets.xcassets */,
				8BFE2BE727A4034D00056E24 /* LaunchScreen.storyboard */,
				8BFE2BEA27A4034D00056E24 /* Info.plist */,
			);
			path = goodwall_coding_challenge_2022;
			sourceTree = "<group>";
		};
		8BFE2BF227A4034E00056E24 /* goodwall_coding_challenge_2022Tests */ = {
			isa = PBXGroup;
			children = (
				8BFE2BF327A4034E00056E24 /* goodwall_coding_challenge_2022Tests.swift */,
			);
			path = goodwall_coding_challenge_2022Tests;
			sourceTree = "<group>";
		};
		8BFE2BFC27A4034E00056E24 /* goodwall_coding_challenge_2022UITests */ = {
			isa = PBXGroup;
			children = (
				8BFE2BFD27A4034E00056E24 /* goodwall_coding_challenge_2022UITests.swift */,
				8BFE2BFF27A4034E00056E24 /* goodwall_coding_challenge_2022UITestsLaunchTests.swift */,
			);
			path = goodwall_coding_challenge_2022UITests;
			sourceTree = "<group>";
		};
/* End PBXGroup section */

/* Begin PBXNativeTarget section */
		8BFE2BD827A4034800056E24 /* goodwall_coding_challenge_2022 */ = {
			isa = PBXNativeTarget;
			buildConfigurationList = 8BFE2C0327A4034E00056E24 /* Build configuration list for PBXNativeTarget "goodwall_coding_challenge_2022" */;
			buildPhases = (
				8BFE2BD527A4034800056E24 /* Sources */,
				8BFE2BD627A4034800056E24 /* Frameworks */,
				8BFE2BD727A4034800056E24 /* Resources */,
			);
			buildRules = (
			);
			dependencies = (
			);
			name = goodwall_coding_challenge_2022;
			productName = goodwall_coding_challenge_2022;
			productReference = 8BFE2BD927A4034800056E24 /* goodwall_coding_challenge_2022.app */;
			productType = "com.apple.product-type.application";
		};
		8BFE2BEE27A4034D00056E24 /* goodwall_coding_challenge_2022Tests */ = {
			isa = PBXNativeTarget;
			buildConfigurationList = 8BFE2C0627A4034E00056E24 /* Build configuration list for PBXNativeTarget "goodwall_coding_challenge_2022Tests" */;
			buildPhases = (
				8BFE2BEB27A4034D00056E24 /* Sources */,
				8BFE2BEC27A4034D00056E24 /* Frameworks */,
				8BFE2BED27A4034D00056E24 /* Resources */,
			);
			buildRules = (
			);
			dependencies = (
				8BFE2BF127A4034D00056E24 /* PBXTargetDependency */,
			);
			name = goodwall_coding_challenge_2022Tests;
			productName = goodwall_coding_challenge_2022Tests;
			productReference = 8BFE2BEF27A4034D00056E24 /* goodwall_coding_challenge_2022Tests.xctest */;
			productType = "com.apple.product-type.bundle.unit-test";
		};
		8BFE2BF827A4034E00056E24 /* goodwall_coding_challenge_2022UITests */ = {
			isa = PBXNativeTarget;
			buildConfigurationList = 8BFE2C0927A4034E00056E24 /* Build configuration list for PBXNativeTarget "goodwall_coding_challenge_2022UITests" */;
			buildPhases = (
				8BFE2BF527A4034E00056E24 /* Sources */,
				8BFE2BF627A4034E00056E24 /* Frameworks */,
				8BFE2BF727A4034E00056E24 /* Resources */,
			);
			buildRules = (
			);
			dependencies = (
				8BFE2BFB27A4034E00056E24 /* PBXTargetDependency */,
			);
			name = goodwall_coding_challenge_2022UITests;
			productName = goodwall_coding_challenge_2022UITests;
			productReference = 8BFE2BF927A4034E00056E24 /* goodwall_coding_challenge_2022UITests.xctest */;
			productType = "com.apple.product-type.bundle.ui-testing";
		};
/* End PBXNativeTarget section */

/* Begin PBXProject section */
		8BFE2BD127A4034800056E24 /* Project object */ = {
			isa = PBXProject;
			attributes = {
				BuildIndependentTargetsInParallel = 1;
				LastSwiftUpdateCheck = 1320;
				LastUpgradeCheck = 1320;
				TargetAttributes = {
					8BFE2BD827A4034800056E24 = {
						CreatedOnToolsVersion = 13.2.1;
					};
					8BFE2BEE27A4034D00056E24 = {
						CreatedOnToolsVersion = 13.2.1;
						TestTargetID = 8BFE2BD827A4034800056E24;
					};
					8BFE2BF827A4034E00056E24 = {
						CreatedOnToolsVersion = 13.2.1;
						TestTargetID = 8BFE2BD827A4034800056E24;
					};
				};
			};
			buildConfigurationList = 8BFE2BD427A4034800056E24 /* Build configuration list for PBXProject "goodwall_coding_challenge_2022" */;
			compatibilityVersion = "Xcode 13.0";
			developmentRegion = en;
			hasScannedForEncodings = 0;
			knownRegions = (
				en,
				Base,
			);
			mainGroup = 8BFE2BD027A4034800056E24;
			productRefGroup = 8BFE2BDA27A4034800056E24 /* Products */;
			projectDirPath = "";
			projectRoot = "";
			targets = (
				8BFE2BD827A4034800056E24 /* goodwall_coding_challenge_2022 */,
				8BFE2BEE27A4034D00056E24 /* goodwall_coding_challenge_2022Tests */,
				8BFE2BF827A4034E00056E24 /* goodwall_coding_challenge_2022UITests */,
			);
		};
/* End PBXProject section */

/* Begin PBXResourcesBuildPhase section */
		8BFE2BD727A4034800056E24 /* Resources */ = {
			isa = PBXResourcesBuildPhase;
			buildActionMask = 2147483647;
			files = (
				8BFE2BE927A4034D00056E24 /* LaunchScreen.storyboard in Resources */,
				8BFE2BE627A4034D00056E24 /* Assets.xcassets in Resources */,
				8BFE2BE427A4034800056E24 /* Main.storyboard in Resources */,
			);
			runOnlyForDeploymentPostprocessing = 0;
		};
		8BFE2BED27A4034D00056E24 /* Resources */ = {
			isa = PBXResourcesBuildPhase;
			buildActionMask = 2147483647;
			files = (
			);
			runOnlyForDeploymentPostprocessing = 0;
		};
		8BFE2BF727A4034E00056E24 /* Resources */ = {
			isa = PBXResourcesBuildPhase;
			buildActionMask = 2147483647;
			files = (
			);
			runOnlyForDeploymentPostprocessing = 0;
		};
/* End PBXResourcesBuildPhase section */

/* Begin PBXSourcesBuildPhase section */
		8BFE2BD527A4034800056E24 /* Sources */ = {
			isa = PBXSourcesBuildPhase;
			buildActionMask = 2147483647;
			files = (
				8BFE2BE127A4034800056E24 /* ViewController.swift in Sources */,
				8BFE2BDD27A4034800056E24 /* AppDelegate.swift in Sources */,
				8BFE2BDF27A4034800056E24 /* SceneDelegate.swift in Sources */,
			);
			runOnlyForDeploymentPostprocessing = 0;
		};
		8BFE2BEB27A4034D00056E24 /* Sources */ = {
			isa = PBXSourcesBuildPhase;
			buildActionMask = 2147483647;
			files = (
				8BFE2BF427A4034E00056E24 /* goodwall_coding_challenge_2022Tests.swift in Sources */,
			);
			runOnlyForDeploymentPostprocessing = 0;
		};
		8BFE2BF527A4034E00056E24 /* Sources */ = {
			isa = PBXSourcesBuildPhase;
			buildActionMask = 2147483647;
			files = (
				8BFE2BFE27A4034E00056E24 /* goodwall_coding_challenge_2022UITests.swift in Sources */,
				8BFE2C0027A4034E00056E24 /* goodwall_coding_challenge_2022UITestsLaunchTests.swift in Sources */,
			);
			runOnlyForDeploymentPostprocessing = 0;
		};
/* End PBXSourcesBuildPhase section */

/* Begin PBXTargetDependency section */
		8BFE2BF127A4034D00056E24 /* PBXTargetDependency */ = {
			isa = PBXTargetDependency;
			target = 8BFE2BD827A4034800056E24 /* goodwall_coding_challenge_2022 */;
			targetProxy = 8BFE2BF027A4034D00056E24 /* PBXContainerItemProxy */;
		};
		8BFE2BFB27A4034E00056E24 /* PBXTargetDependency */ = {
			isa = PBXTargetDependency;
			target = 8BFE2BD827A4034800056E24 /* goodwall_coding_challenge_2022 */;
			targetProxy = 8BFE2BFA27A4034E00056E24 /* PBXContainerItemProxy */;
		};
/* End PBXTargetDependency section */

/* Begin PBXVariantGroup section */
		8BFE2BE227A4034800056E24 /* Main.storyboard */ = {
			isa = PBXVariantGroup;
			children = (
				8BFE2BE327A4034800056E24 /* Base */,
			);
			name = Main.storyboard;
			sourceTree = "<group>";
		};
		8BFE2BE727A4034D00056E24 /* LaunchScreen.storyboard */ = {
			isa = PBXVariantGroup;
			children = (
				8BFE2BE827A4034D00056E24 /* Base */,
			);
			name = LaunchScreen.storyboard;
			sourceTree = "<group>";
		};
/* End PBXVariantGroup section */

/* Begin XCBuildConfiguration section */
		8BFE2C0127A4034E00056E24 /* Debug */ = {
			isa = XCBuildConfiguration;
			buildSettings = {
				ALWAYS_SEARCH_USER_PATHS = NO;
				CLANG_ANALYZER_NONNULL = YES;
				CLANG_ANALYZER_NUMBER_OBJECT_CONVERSION = YES_AGGRESSIVE;
				CLANG_CXX_LANGUAGE_STANDARD = "gnu++17";
				CLANG_CXX_LIBRARY = "libc++";
				CLANG_ENABLE_MODULES = YES;
				CLANG_ENABLE_OBJC_ARC = YES;
				CLANG_ENABLE_OBJC_WEAK = YES;
				CLANG_WARN_BLOCK_CAPTURE_AUTORELEASING = YES;
				CLANG_WARN_BOOL_CONVERSION = YES;
				CLANG_WARN_COMMA = YES;
				CLANG_WARN_CONSTANT_CONVERSION = YES;
				CLANG_WARN_DEPRECATED_OBJC_IMPLEMENTATIONS = YES;
				CLANG_WARN_DIRECT_OBJC_ISA_USAGE = YES_ERROR;
				CLANG_WARN_DOCUMENTATION_COMMENTS = YES;
				CLANG_WARN_EMPTY_BODY = YES;
				CLANG_WARN_ENUM_CONVERSION = YES;
				CLANG_WARN_INFINITE_RECURSION = YES;
				CLANG_WARN_INT_CONVERSION = YES;
				CLANG_WARN_NON_LITERAL_NULL_CONVERSION = YES;
				CLANG_WARN_OBJC_IMPLICIT_RETAIN_SELF = YES;
				CLANG_WARN_OBJC_LITERAL_CONVERSION = YES;
				CLANG_WARN_OBJC_ROOT_CLASS = YES_ERROR;
				CLANG_WARN_QUOTED_INCLUDE_IN_FRAMEWORK_HEADER = YES;
				CLANG_WARN_RANGE_LOOP_ANALYSIS = YES;
				CLANG_WARN_STRICT_PROTOTYPES = YES;
				CLANG_WARN_SUSPICIOUS_MOVE = YES;
				CLANG_WARN_UNGUARDED_AVAILABILITY = YES_AGGRESSIVE;
				CLANG_WARN_UNREACHABLE_CODE = YES;
				CLANG_WARN__DUPLICATE_METHOD_MATCH = YES;
				COPY_PHASE_STRIP = NO;
				DEBUG_INFORMATION_FORMAT = dwarf;
				ENABLE_STRICT_OBJC_MSGSEND = YES;
				ENABLE_TESTABILITY = YES;
				GCC_C_LANGUAGE_STANDARD = gnu11;
				GCC_DYNAMIC_NO_PIC = NO;
				GCC_NO_COMMON_BLOCKS = YES;
				GCC_OPTIMIZATION_LEVEL = 0;
				GCC_PREPROCESSOR_DEFINITIONS = (
					"DEBUG=1",
					"$(inherited)",
				);
				GCC_WARN_64_TO_32_BIT_CONVERSION = YES;
				GCC_WARN_ABOUT_RETURN_TYPE = YES_ERROR;
				GCC_WARN_UNDECLARED_SELECTOR = YES;
				GCC_WARN_UNINITIALIZED_AUTOS = YES_AGGRESSIVE;
				GCC_WARN_UNUSED_FUNCTION = YES;
				GCC_WARN_UNUSED_VARIABLE = YES;
				IPHONEOS_DEPLOYMENT_TARGET = 15.2;
				MTL_ENABLE_DEBUG_INFO = INCLUDE_SOURCE;
				MTL_FAST_MATH = YES;
				ONLY_ACTIVE_ARCH = YES;
				SDKROOT = iphoneos;
				SWIFT_ACTIVE_COMPILATION_CONDITIONS = DEBUG;
				SWIFT_OPTIMIZATION_LEVEL = "-Onone";
			};
			name = Debug;
		};
		8BFE2C0227A4034E00056E24 /* Release */ = {
			isa = XCBuildConfiguration;
			buildSettings = {
				ALWAYS_SEARCH_USER_PATHS = NO;
				CLANG_ANALYZER_NONNULL = YES;
				CLANG_ANALYZER_NUMBER_OBJECT_CONVERSION = YES_AGGRESSIVE;
				CLANG_CXX_LANGUAGE_STANDARD = "gnu++17";
				CLANG_CXX_LIBRARY = "libc++";
				CLANG_ENABLE_MODULES = YES;
				CLANG_ENABLE_OBJC_ARC = YES;
				CLANG_ENABLE_OBJC_WEAK = YES;
				CLANG_WARN_BLOCK_CAPTURE_AUTORELEASING = YES;
				CLANG_WARN_BOOL_CONVERSION = YES;
				CLANG_WARN_COMMA = YES;
				CLANG_WARN_CONSTANT_CONVERSION = YES;
				CLANG_WARN_DEPRECATED_OBJC_IMPLEMENTATIONS = YES;
				CLANG_WARN_DIRECT_OBJC_ISA_USAGE = YES_ERROR;
				CLANG_WARN_DOCUMENTATION_COMMENTS = YES;
				CLANG_WARN_EMPTY_BODY = YES;
				CLANG_WARN_ENUM_CONVERSION = YES;
				CLANG_WARN_INFINITE_RECURSION = YES;
				CLANG_WARN_INT_CONVERSION = YES;
				CLANG_WARN_NON_LITERAL_NULL_CONVERSION = YES;
				CLANG_WARN_OBJC_IMPLICIT_RETAIN_SELF = YES;
				CLANG_WARN_OBJC_LITERAL_CONVERSION = YES;
				CLANG_WARN_OBJC_ROOT_CLASS = YES_ERROR;
				CLANG_WARN_QUOTED_INCLUDE_IN_FRAMEWORK_HEADER = YES;
				CLANG_WARN_RANGE_LOOP_ANALYSIS = YES;
				CLANG_WARN_STRICT_PROTOTYPES = YES;
				CLANG_WARN_SUSPICIOUS_MOVE = YES;
				CLANG_WARN_UNGUARDED_AVAILABILITY = YES_AGGRESSIVE;
				CLANG_WARN_UNREACHABLE_CODE = YES;
				CLANG_WARN__DUPLICATE_METHOD_MATCH = YES;
				COPY_PHASE_STRIP = NO;
				DEBUG_INFORMATION_FORMAT = "dwarf-with-dsym";
				ENABLE_NS_ASSERTIONS = NO;
				ENABLE_STRICT_OBJC_MSGSEND = YES;
				GCC_C_LANGUAGE_STANDARD = gnu11;
				GCC_NO_COMMON_BLOCKS = YES;
				GCC_WARN_64_TO_32_BIT_CONVERSION = YES;
				GCC_WARN_ABOUT_RETURN_TYPE = YES_ERROR;
				GCC_WARN_UNDECLARED_SELECTOR = YES;
				GCC_WARN_UNINITIALIZED_AUTOS = YES_AGGRESSIVE;
				GCC_WARN_UNUSED_FUNCTION = YES;
				GCC_WARN_UNUSED_VARIABLE = YES;
				IPHONEOS_DEPLOYMENT_TARGET = 15.2;
				MTL_ENABLE_DEBUG_INFO = NO;
				MTL_FAST_MATH = YES;
				SDKROOT = iphoneos;
				SWIFT_COMPILATION_MODE = wholemodule;
				SWIFT_OPTIMIZATION_LEVEL = "-O";
				VALIDATE_PRODUCT = YES;
			};
			name = Release;
		};
		8BFE2C0427A4034E00056E24 /* Debug */ = {
			isa = XCBuildConfiguration;
			buildSettings = {
				ASSETCATALOG_COMPILER_APPICON_NAME = AppIcon;
				ASSETCATALOG_COMPILER_GLOBAL_ACCENT_COLOR_NAME = AccentColor;
				CODE_SIGN_STYLE = Automatic;
				CURRENT_PROJECT_VERSION = 1;
				DEVELOPMENT_TEAM = 7T9V42H9FE;
				GENERATE_INFOPLIST_FILE = YES;
				INFOPLIST_FILE = goodwall_coding_challenge_2022/Info.plist;
				INFOPLIST_KEY_UIApplicationSupportsIndirectInputEvents = YES;
				INFOPLIST_KEY_UILaunchStoryboardName = LaunchScreen;
				INFOPLIST_KEY_UIMainStoryboardFile = Main;
				INFOPLIST_KEY_UISupportedInterfaceOrientations_iPad = "UIInterfaceOrientationPortrait UIInterfaceOrientationPortraitUpsideDown UIInterfaceOrientationLandscapeLeft UIInterfaceOrientationLandscapeRight";
				INFOPLIST_KEY_UISupportedInterfaceOrientations_iPhone = "UIInterfaceOrientationPortrait UIInterfaceOrientationLandscapeLeft UIInterfaceOrientationLandscapeRight";
				LD_RUNPATH_SEARCH_PATHS = (
					"$(inherited)",
					"@executable_path/Frameworks",
				);
				MARKETING_VERSION = 1.0;
				PRODUCT_BUNDLE_IDENTIFIER = "com.Tayseer.goodwall-coding-challenge-2022";
				PRODUCT_NAME = "$(TARGET_NAME)";
				SWIFT_EMIT_LOC_STRINGS = YES;
				SWIFT_VERSION = 5.0;
				TARGETED_DEVICE_FAMILY = "1,2";
			};
			name = Debug;
		};
		8BFE2C0527A4034E00056E24 /* Release */ = {
			isa = XCBuildConfiguration;
			buildSettings = {
				ASSETCATALOG_COMPILER_APPICON_NAME = AppIcon;
				ASSETCATALOG_COMPILER_GLOBAL_ACCENT_COLOR_NAME = AccentColor;
				CODE_SIGN_STYLE = Automatic;
				CURRENT_PROJECT_VERSION = 1;
				DEVELOPMENT_TEAM = 7T9V42H9FE;
				GENERATE_INFOPLIST_FILE = YES;
				INFOPLIST_FILE = goodwall_coding_challenge_2022/Info.plist;
				INFOPLIST_KEY_UIApplicationSupportsIndirectInputEvents = YES;
				INFOPLIST_KEY_UILaunchStoryboardName = LaunchScreen;
				INFOPLIST_KEY_UIMainStoryboardFile = Main;
				INFOPLIST_KEY_UISupportedInterfaceOrientations_iPad = "UIInterfaceOrientationPortrait UIInterfaceOrientationPortraitUpsideDown UIInterfaceOrientationLandscapeLeft UIInterfaceOrientationLandscapeRight";
				INFOPLIST_KEY_UISupportedInterfaceOrientations_iPhone = "UIInterfaceOrientationPortrait UIInterfaceOrientationLandscapeLeft UIInterfaceOrientationLandscapeRight";
				LD_RUNPATH_SEARCH_PATHS = (
					"$(inherited)",
					"@executable_path/Frameworks",
				);
				MARKETING_VERSION = 1.0;
				PRODUCT_BUNDLE_IDENTIFIER = "com.Tayseer.goodwall-coding-challenge-2022";
				PRODUCT_NAME = "$(TARGET_NAME)";
				SWIFT_EMIT_LOC_STRINGS = YES;
				SWIFT_VERSION = 5.0;
				TARGETED_DEVICE_FAMILY = "1,2";
			};
			name = Release;
		};
		8BFE2C0727A4034E00056E24 /* Debug */ = {
			isa = XCBuildConfiguration;
			buildSettings = {
				ALWAYS_EMBED_SWIFT_STANDARD_LIBRARIES = YES;
				BUNDLE_LOADER = "$(TEST_HOST)";
				CODE_SIGN_STYLE = Automatic;
				CURRENT_PROJECT_VERSION = 1;
				DEVELOPMENT_TEAM = 7T9V42H9FE;
				GENERATE_INFOPLIST_FILE = YES;
				IPHONEOS_DEPLOYMENT_TARGET = 15.2;
				MARKETING_VERSION = 1.0;
				PRODUCT_BUNDLE_IDENTIFIER = "com.Tayseer.goodwall-coding-challenge-2022Tests";
				PRODUCT_NAME = "$(TARGET_NAME)";
				SWIFT_EMIT_LOC_STRINGS = NO;
				SWIFT_VERSION = 5.0;
				TARGETED_DEVICE_FAMILY = "1,2";
				TEST_HOST = "$(BUILT_PRODUCTS_DIR)/goodwall_coding_challenge_2022.app/goodwall_coding_challenge_2022";
			};
			name = Debug;
		};
		8BFE2C0827A4034E00056E24 /* Release */ = {
			isa = XCBuildConfiguration;
			buildSettings = {
				ALWAYS_EMBED_SWIFT_STANDARD_LIBRARIES = YES;
				BUNDLE_LOADER = "$(TEST_HOST)";
				CODE_SIGN_STYLE = Automatic;
				CURRENT_PROJECT_VERSION = 1;
				DEVELOPMENT_TEAM = 7T9V42H9FE;
				GENERATE_INFOPLIST_FILE = YES;
				IPHONEOS_DEPLOYMENT_TARGET = 15.2;
				MARKETING_VERSION = 1.0;
				PRODUCT_BUNDLE_IDENTIFIER = "com.Tayseer.goodwall-coding-challenge-2022Tests";
				PRODUCT_NAME = "$(TARGET_NAME)";
				SWIFT_EMIT_LOC_STRINGS = NO;
				SWIFT_VERSION = 5.0;
				TARGETED_DEVICE_FAMILY = "1,2";
				TEST_HOST = "$(BUILT_PRODUCTS_DIR)/goodwall_coding_challenge_2022.app/goodwall_coding_challenge_2022";
			};
			name = Release;
		};
		8BFE2C0A27A4034E00056E24 /* Debug */ = {
			isa = XCBuildConfiguration;
			buildSettings = {
				ALWAYS_EMBED_SWIFT_STANDARD_LIBRARIES = YES;
				CODE_SIGN_STYLE = Automatic;
				CURRENT_PROJECT_VERSION = 1;
				DEVELOPMENT_TEAM = 7T9V42H9FE;
				GENERATE_INFOPLIST_FILE = YES;
				MARKETING_VERSION = 1.0;
				PRODUCT_BUNDLE_IDENTIFIER = "com.Tayseer.goodwall-coding-challenge-2022UITests";
				PRODUCT_NAME = "$(TARGET_NAME)";
				SWIFT_EMIT_LOC_STRINGS = NO;
				SWIFT_VERSION = 5.0;
				TARGETED_DEVICE_FAMILY = "1,2";
				TEST_TARGET_NAME = goodwall_coding_challenge_2022;
			};
			name = Debug;
		};
		8BFE2C0B27A4034E00056E24 /* Release */ = {
			isa = XCBuildConfiguration;
			buildSettings = {
				ALWAYS_EMBED_SWIFT_STANDARD_LIBRARIES = YES;
				CODE_SIGN_STYLE = Automatic;
				CURRENT_PROJECT_VERSION = 1;
				DEVELOPMENT_TEAM = 7T9V42H9FE;
				GENERATE_INFOPLIST_FILE = YES;
				MARKETING_VERSION = 1.0;
				PRODUCT_BUNDLE_IDENTIFIER = "com.Tayseer.goodwall-coding-challenge-2022UITests";
				PRODUCT_NAME = "$(TARGET_NAME)";
				SWIFT_EMIT_LOC_STRINGS = NO;
				SWIFT_VERSION = 5.0;
				TARGETED_DEVICE_FAMILY = "1,2";
				TEST_TARGET_NAME = goodwall_coding_challenge_2022;
			};
			name = Release;
		};
/* End XCBuildConfiguration section */

/* Begin XCConfigurationList section */
		8BFE2BD427A4034800056E24 /* Build configuration list for PBXProject "goodwall_coding_challenge_2022" */ = {
			isa = XCConfigurationList;
			buildConfigurations = (
				8BFE2C0127A4034E00056E24 /* Debug */,
				8BFE2C0227A4034E00056E24 /* Release */,
			);
			defaultConfigurationIsVisible = 0;
			defaultConfigurationName = Release;
		};
		8BFE2C0327A4034E00056E24 /* Build configuration list for PBXNativeTarget "goodwall_coding_challenge_2022" */ = {
			isa = XCConfigurationList;
			buildConfigurations = (
				8BFE2C0427A4034E00056E24 /* Debug */,
				8BFE2C0527A4034E00056E24 /* Release */,
			);
			defaultConfigurationIsVisible = 0;
			defaultConfigurationName = Release;
		};
		8BFE2C0627A4034E00056E24 /* Build configuration list for PBXNativeTarget "goodwall_coding_challenge_2022Tests" */ = {
			isa = XCConfigurationList;
			buildConfigurations = (
				8BFE2C0727A4034E00056E24 /* Debug */,
				8BFE2C0827A4034E00056E24 /* Release */,
			);
			defaultConfigurationIsVisible = 0;
			defaultConfigurationName = Release;
		};
		8BFE2C0927A4034E00056E24 /* Build configuration list for PBXNativeTarget "goodwall_coding_challenge_2022UITests" */ = {
			isa = XCConfigurationList;
			buildConfigurations = (
				8BFE2C0A27A4034E00056E24 /* Debug */,
				8BFE2C0B27A4034E00056E24 /* Release */,
			);
			defaultConfigurationIsVisible = 0;
			defaultConfigurationName = Release;
		};
/* End XCConfigurationList section */
	};
	rootObject = 8BFE2BD127A4034800056E24 /* Project object */;
}
